
Microsoft Visual Studio Solution File, Format Version 12.00
# Visual Studio Version 16
VisualStudioVersion = 16.0.30717.126
MinimumVisualStudioVersion = 10.0.40219.1
Project("{9A19103F-16F7-4668-BE54-9A1E7A4F7556}") = "Server", "Server\Server.csproj", "{6773BB56-5410-4BC8-869A-D0AC7E4F614A}"
EndProject
Project("{9A19103F-16F7-4668-BE54-9A1E7A4F7556}") = "Server.Models", "Server.Models\Server.Models.csproj", "{7817F44B-BDBC-4E48-9C89-BE6A6EE57BB8}"
EndProject
Project("{9A19103F-16F7-4668-BE54-9A1E7A4F7556}") = "Server.Data", "Server.Data\Server.Data.csproj", "{CCEE2AF1-CEC1-4D0F-A457-B22F9F131702}"
EndProject
Project("{9A19103F-16F7-4668-BE54-9A1E7A4F7556}") = "ServerMqtt", "ServerMQTT2\ServerMqtt.csproj", "{3DBD094D-D833-4E7C-92AB-BFF3078CBB1F}"
EndProject
Project("{9A19103F-16F7-4668-BE54-9A1E7A4F7556}") = "ServerAMQP", "ServerAMQP\ServerAMQP.csproj", "{87C96504-E594-4C4F-B1B5-ADECE6D2B244}"
EndProject
Project("{FAE04EC0-301F-11D3-BF4B-00C04F79EFBC}") = "ServerAMQP.Speed", "ServerAMQP.Speed\ServerAMQP.Speed.csproj", "{A386B39E-96BA-4EE5-835E-EE4236DF3364}"
EndProject
Global
	GlobalSection(SolutionConfigurationPlatforms) = preSolution
		Debug|Any CPU = Debug|Any CPU
		Release|Any CPU = Release|Any CPU
	EndGlobalSection
	GlobalSection(ProjectConfigurationPlatforms) = postSolution
		{6773BB56-5410-4BC8-869A-D0AC7E4F614A}.Debug|Any CPU.ActiveCfg = Debug|Any CPU
		{6773BB56-5410-4BC8-869A-D0AC7E4F614A}.Debug|Any CPU.Build.0 = Debug|Any CPU
		{6773BB56-5410-4BC8-869A-D0AC7E4F614A}.Release|Any CPU.ActiveCfg = Release|Any CPU
		{6773BB56-5410-4BC8-869A-D0AC7E4F614A}.Release|Any CPU.Build.0 = Release|Any CPU
		{7817F44B-BDBC-4E48-9C89-BE6A6EE57BB8}.Debug|Any CPU.ActiveCfg = Debug|Any CPU
		{7817F44B-BDBC-4E48-9C89-BE6A6EE57BB8}.Debug|Any CPU.Build.0 = Debug|Any CPU
		{7817F44B-BDBC-4E48-9C89-BE6A6EE57BB8}.Release|Any CPU.ActiveCfg = Release|Any CPU
		{7817F44B-BDBC-4E48-9C89-BE6A6EE57BB8}.Release|Any CPU.Build.0 = Release|Any CPU
		{CCEE2AF1-CEC1-4D0F-A457-B22F9F131702}.Debug|Any CPU.ActiveCfg = Debug|Any CPU
		{CCEE2AF1-CEC1-4D0F-A457-B22F9F131702}.Debug|Any CPU.Build.0 = Debug|Any CPU
		{CCEE2AF1-CEC1-4D0F-A457-B22F9F131702}.Release|Any CPU.ActiveCfg = Release|Any CPU
		{CCEE2AF1-CEC1-4D0F-A457-B22F9F131702}.Release|Any CPU.Build.0 = Release|Any CPU
		{3DBD094D-D833-4E7C-92AB-BFF3078CBB1F}.Debug|Any CPU.ActiveCfg = Debug|Any CPU
		{3DBD094D-D833-4E7C-92AB-BFF3078CBB1F}.Debug|Any CPU.Build.0 = Debug|Any CPU
		{3DBD094D-D833-4E7C-92AB-BFF3078CBB1F}.Release|Any CPU.ActiveCfg = Release|Any CPU
		{3DBD094D-D833-4E7C-92AB-BFF3078CBB1F}.Release|Any CPU.Build.0 = Release|Any CPU
		{87C96504-E594-4C4F-B1B5-ADECE6D2B244}.Debug|Any CPU.ActiveCfg = Debug|Any CPU
		{87C96504-E594-4C4F-B1B5-ADECE6D2B244}.Debug|Any CPU.Build.0 = Debug|Any CPU
		{87C96504-E594-4C4F-B1B5-ADECE6D2B244}.Release|Any CPU.ActiveCfg = Release|Any CPU
		{87C96504-E594-4C4F-B1B5-ADECE6D2B244}.Release|Any CPU.Build.0 = Release|Any CPU
		{A386B39E-96BA-4EE5-835E-EE4236DF3364}.Debug|Any CPU.ActiveCfg = Debug|Any CPU
		{A386B39E-96BA-4EE5-835E-EE4236DF3364}.Debug|Any CPU.Build.0 = Debug|Any CPU
		{A386B39E-96BA-4EE5-835E-EE4236DF3364}.Release|Any CPU.ActiveCfg = Release|Any CPU
		{A386B39E-96BA-4EE5-835E-EE4236DF3364}.Release|Any CPU.Build.0 = Release|Any CPU
	EndGlobalSection
	GlobalSection(SolutionProperties) = preSolution
		HideSolutionNode = FALSE
	EndGlobalSection
	GlobalSection(ExtensibilityGlobals) = postSolution
		SolutionGuid = {DA8DBA26-97AB-48C3-B1D8-7C542EFE6A4A}
	EndGlobalSection
EndGlobal
